// !$*UTF8*$!
{
	archiveVersion = 1;
	classes = {
	};
	objectVersion = 56;
	objects = {

/* Begin PBXBuildFile section */
		5509ABCA2A7131F1003D3E94 /* Publications.swift in Sources */ = {isa = PBXBuildFile; fileRef = 5509ABC92A7131F1003D3E94 /* Publications.swift */; };
		5509ABCE2A71B72B003D3E94 /* PostTableViewCell.swift in Sources */ = {isa = PBXBuildFile; fileRef = 5509ABCD2A71B72B003D3E94 /* PostTableViewCell.swift */; };
		5509ABCF2A7BAAAD003D3E94 /* Post.swift in Sources */ = {isa = PBXBuildFile; fileRef = 55F434342A2E24BC0062F561 /* Post.swift */; };
		553879242A8390990059447E /* Algorithms in Frameworks */ = {isa = PBXBuildFile; productRef = 553879232A8390990059447E /* Algorithms */; };
		553879272A8395640059447E /* iOSIntPackage in Frameworks */ = {isa = PBXBuildFile; productRef = 553879262A8395640059447E /* iOSIntPackage */; };
		55478E8A2A2C9FD700D07C69 /* AppDelegate.swift in Sources */ = {isa = PBXBuildFile; fileRef = 55478E892A2C9FD700D07C69 /* AppDelegate.swift */; };
		55478E8C2A2C9FD700D07C69 /* SceneDelegate.swift in Sources */ = {isa = PBXBuildFile; fileRef = 55478E8B2A2C9FD700D07C69 /* SceneDelegate.swift */; };
		55478E8E2A2C9FD700D07C69 /* ViewController.swift in Sources */ = {isa = PBXBuildFile; fileRef = 55478E8D2A2C9FD700D07C69 /* ViewController.swift */; };
		55478E932A2C9FD800D07C69 /* Assets.xcassets in Resources */ = {isa = PBXBuildFile; fileRef = 55478E922A2C9FD800D07C69 /* Assets.xcassets */; };
		55478E962A2C9FD800D07C69 /* LaunchScreen.storyboard in Resources */ = {isa = PBXBuildFile; fileRef = 55478E942A2C9FD800D07C69 /* LaunchScreen.storyboard */; };
		55478EA42A2CB4D800D07C69 /* FeedViewController.swift in Sources */ = {isa = PBXBuildFile; fileRef = 55478EA32A2CB4D800D07C69 /* FeedViewController.swift */; };
		55478EA62A2E189200D07C69 /* PostViewController.swift in Sources */ = {isa = PBXBuildFile; fileRef = 55478EA52A2E189200D07C69 /* PostViewController.swift */; };
		556B3FD32A67E33C00F8571E /* LogInViewController.swift in Sources */ = {isa = PBXBuildFile; fileRef = 556B3FD22A67E33C00F8571E /* LogInViewController.swift */; };
		556B3FD52A67EA4F00F8571E /* ColorSet.swift in Sources */ = {isa = PBXBuildFile; fileRef = 556B3FD42A67EA4F00F8571E /* ColorSet.swift */; };
		556B3FD92A67F56300F8571E /* ProfileViewController.swift in Sources */ = {isa = PBXBuildFile; fileRef = 556B3FD82A67F56300F8571E /* ProfileViewController.swift */; };
		558B104C2A56EDC10030A343 /* ProfileView.swift in Sources */ = {isa = PBXBuildFile; fileRef = 558B104B2A56EDC10030A343 /* ProfileView.swift */; };
		55D2FFAD2A81137E00EC448B /* PaddedTextField.swift in Sources */ = {isa = PBXBuildFile; fileRef = 55D2FFAC2A81137E00EC448B /* PaddedTextField.swift */; };
		55F434372A2E29E80062F561 /* InfoViewController.swift in Sources */ = {isa = PBXBuildFile; fileRef = 55F434362A2E29E80062F561 /* InfoViewController.swift */; };
		E5A053097D28E5D1B0C51D24 /* Pods_Navigation.framework in Frameworks */ = {isa = PBXBuildFile; fileRef = B7FD38B40F262C6454FE5AC6 /* Pods_Navigation.framework */; };
/* End PBXBuildFile section */

/* Begin PBXCopyFilesBuildPhase section */
		5509ABC42A6E8802003D3E94 /* Embed Frameworks */ = {
			isa = PBXCopyFilesBuildPhase;
			buildActionMask = 2147483647;
			dstPath = "";
			dstSubfolderSpec = 10;
			files = (
			);
			name = "Embed Frameworks";
			runOnlyForDeploymentPostprocessing = 0;
		};
		55D9801D2A6E6A2400A8B562 /* Embed Foundation Extensions */ = {
			isa = PBXCopyFilesBuildPhase;
			buildActionMask = 2147483647;
			dstPath = "";
			dstSubfolderSpec = 13;
			files = (
			);
			name = "Embed Foundation Extensions";
			runOnlyForDeploymentPostprocessing = 0;
		};
/* End PBXCopyFilesBuildPhase section */

/* Begin PBXFileReference section */
		25288C8F6CF427A38C56EF9A /* Pods-Navigation.debug.xcconfig */ = {isa = PBXFileReference; includeInIndex = 1; lastKnownFileType = text.xcconfig; name = "Pods-Navigation.debug.xcconfig"; path = "Target Support Files/Pods-Navigation/Pods-Navigation.debug.xcconfig"; sourceTree = "<group>"; };
		511220878C69490B58E78C3E /* Pods-Navigation.release.xcconfig */ = {isa = PBXFileReference; includeInIndex = 1; lastKnownFileType = text.xcconfig; name = "Pods-Navigation.release.xcconfig"; path = "Target Support Files/Pods-Navigation/Pods-Navigation.release.xcconfig"; sourceTree = "<group>"; };
		5509ABC92A7131F1003D3E94 /* Publications.swift */ = {isa = PBXFileReference; lastKnownFileType = sourcecode.swift; path = Publications.swift; sourceTree = "<group>"; };
		5509ABCD2A71B72B003D3E94 /* PostTableViewCell.swift */ = {isa = PBXFileReference; lastKnownFileType = sourcecode.swift; path = PostTableViewCell.swift; sourceTree = "<group>"; };
		55478E862A2C9FD700D07C69 /* Navigation.app */ = {isa = PBXFileReference; explicitFileType = wrapper.application; includeInIndex = 0; path = Navigation.app; sourceTree = BUILT_PRODUCTS_DIR; };
		55478E892A2C9FD700D07C69 /* AppDelegate.swift */ = {isa = PBXFileReference; lastKnownFileType = sourcecode.swift; path = AppDelegate.swift; sourceTree = "<group>"; };
		55478E8B2A2C9FD700D07C69 /* SceneDelegate.swift */ = {isa = PBXFileReference; lastKnownFileType = sourcecode.swift; path = SceneDelegate.swift; sourceTree = "<group>"; };
		55478E8D2A2C9FD700D07C69 /* ViewController.swift */ = {isa = PBXFileReference; lastKnownFileType = sourcecode.swift; path = ViewController.swift; sourceTree = "<group>"; };
		55478E922A2C9FD800D07C69 /* Assets.xcassets */ = {isa = PBXFileReference; lastKnownFileType = folder.assetcatalog; path = Assets.xcassets; sourceTree = "<group>"; };
		55478E952A2C9FD800D07C69 /* Base */ = {isa = PBXFileReference; lastKnownFileType = file.storyboard; name = Base; path = Base.lproj/LaunchScreen.storyboard; sourceTree = "<group>"; };
		55478E972A2C9FD800D07C69 /* Info.plist */ = {isa = PBXFileReference; lastKnownFileType = text.plist.xml; path = Info.plist; sourceTree = "<group>"; };
		55478EA32A2CB4D800D07C69 /* FeedViewController.swift */ = {isa = PBXFileReference; lastKnownFileType = sourcecode.swift; path = FeedViewController.swift; sourceTree = "<group>"; };
		55478EA52A2E189200D07C69 /* PostViewController.swift */ = {isa = PBXFileReference; lastKnownFileType = sourcecode.swift; path = PostViewController.swift; sourceTree = "<group>"; };
		556B3FD22A67E33C00F8571E /* LogInViewController.swift */ = {isa = PBXFileReference; lastKnownFileType = sourcecode.swift; path = LogInViewController.swift; sourceTree = "<group>"; };
		556B3FD42A67EA4F00F8571E /* ColorSet.swift */ = {isa = PBXFileReference; lastKnownFileType = sourcecode.swift; path = ColorSet.swift; sourceTree = "<group>"; };
		556B3FD82A67F56300F8571E /* ProfileViewController.swift */ = {isa = PBXFileReference; lastKnownFileType = sourcecode.swift; path = ProfileViewController.swift; sourceTree = "<group>"; };
		558B104B2A56EDC10030A343 /* ProfileView.swift */ = {isa = PBXFileReference; lastKnownFileType = sourcecode.swift; path = ProfileView.swift; sourceTree = "<group>"; };
		55D2FFAC2A81137E00EC448B /* PaddedTextField.swift */ = {isa = PBXFileReference; lastKnownFileType = sourcecode.swift; path = PaddedTextField.swift; sourceTree = "<group>"; };
		55F434342A2E24BC0062F561 /* Post.swift */ = {isa = PBXFileReference; lastKnownFileType = sourcecode.swift; path = Post.swift; sourceTree = "<group>"; };
		55F434362A2E29E80062F561 /* InfoViewController.swift */ = {isa = PBXFileReference; lastKnownFileType = sourcecode.swift; path = InfoViewController.swift; sourceTree = "<group>"; };
		B7FD38B40F262C6454FE5AC6 /* Pods_Navigation.framework */ = {isa = PBXFileReference; explicitFileType = wrapper.framework; includeInIndex = 0; path = Pods_Navigation.framework; sourceTree = BUILT_PRODUCTS_DIR; };
/* End PBXFileReference section */

/* Begin PBXFrameworksBuildPhase section */
		55478E832A2C9FD700D07C69 /* Frameworks */ = {
			isa = PBXFrameworksBuildPhase;
			buildActionMask = 2147483647;
			files = (
				553879242A8390990059447E /* Algorithms in Frameworks */,
				553879272A8395640059447E /* iOSIntPackage in Frameworks */,
				E5A053097D28E5D1B0C51D24 /* Pods_Navigation.framework in Frameworks */,
			);
			runOnlyForDeploymentPostprocessing = 0;
		};
/* End PBXFrameworksBuildPhase section */

/* Begin PBXGroup section */
		2D7BD150394721271705F01C /* Pods */ = {
			isa = PBXGroup;
			children = (
				25288C8F6CF427A38C56EF9A /* Pods-Navigation.debug.xcconfig */,
				511220878C69490B58E78C3E /* Pods-Navigation.release.xcconfig */,
			);
			name = Pods;
			path = Pods;
			sourceTree = "<group>";
		};
		55478E7D2A2C9FD700D07C69 = {
			isa = PBXGroup;
			children = (
				55478E882A2C9FD700D07C69 /* Navigation */,
				55478E872A2C9FD700D07C69 /* Products */,
				2D7BD150394721271705F01C /* Pods */,
				6BE85BF800F02C7A207063B2 /* Frameworks */,
			);
			sourceTree = "<group>";
			usesTabs = 0;
		};
		55478E872A2C9FD700D07C69 /* Products */ = {
			isa = PBXGroup;
			children = (
				55478E862A2C9FD700D07C69 /* Navigation.app */,
			);
			name = Products;
			sourceTree = "<group>";
		};
		55478E882A2C9FD700D07C69 /* Navigation */ = {
			isa = PBXGroup;
			children = (
				55478E892A2C9FD700D07C69 /* AppDelegate.swift */,
				55478E8B2A2C9FD700D07C69 /* SceneDelegate.swift */,
				55478E8D2A2C9FD700D07C69 /* ViewController.swift */,
				55478E922A2C9FD800D07C69 /* Assets.xcassets */,
				55478E942A2C9FD800D07C69 /* LaunchScreen.storyboard */,
				55478E972A2C9FD800D07C69 /* Info.plist */,
				556B3FD82A67F56300F8571E /* ProfileViewController.swift */,
				55478EA32A2CB4D800D07C69 /* FeedViewController.swift */,
				55478EA52A2E189200D07C69 /* PostViewController.swift */,
				55F434362A2E29E80062F561 /* InfoViewController.swift */,
				556B3FD22A67E33C00F8571E /* LogInViewController.swift */,
				556B3FD42A67EA4F00F8571E /* ColorSet.swift */,
				55F434342A2E24BC0062F561 /* Post.swift */,
				558B104B2A56EDC10030A343 /* ProfileView.swift */,
				5509ABC92A7131F1003D3E94 /* Publications.swift */,
				5509ABCD2A71B72B003D3E94 /* PostTableViewCell.swift */,
				55D2FFAC2A81137E00EC448B /* PaddedTextField.swift */,
			);
			path = Navigation;
			sourceTree = "<group>";
		};
		6BE85BF800F02C7A207063B2 /* Frameworks */ = {
			isa = PBXGroup;
			children = (
				B7FD38B40F262C6454FE5AC6 /* Pods_Navigation.framework */,
			);
			name = Frameworks;
			sourceTree = "<group>";
		};
/* End PBXGroup section */

/* Begin PBXNativeTarget section */
		55478E852A2C9FD700D07C69 /* Navigation */ = {
			isa = PBXNativeTarget;
			buildConfigurationList = 55478E9A2A2C9FD800D07C69 /* Build configuration list for PBXNativeTarget "Navigation" */;
			buildPhases = (
				A733194E6ECB11D540FC2F63 /* [CP] Check Pods Manifest.lock */,
				55478E822A2C9FD700D07C69 /* Sources */,
				55478E832A2C9FD700D07C69 /* Frameworks */,
				55478E842A2C9FD700D07C69 /* Resources */,
				55D9801D2A6E6A2400A8B562 /* Embed Foundation Extensions */,
				5509ABC42A6E8802003D3E94 /* Embed Frameworks */,
				1DC28914C08251DF5D0E832A /* [CP] Embed Pods Frameworks */,
			);
			buildRules = (
			);
			dependencies = (
			);
			name = Navigation;
			packageProductDependencies = (
				553879232A8390990059447E /* Algorithms */,
				553879262A8395640059447E /* iOSIntPackage */,
			);
			productName = Navigation;
			productReference = 55478E862A2C9FD700D07C69 /* Navigation.app */;
			productType = "com.apple.product-type.application";
		};
/* End PBXNativeTarget section */

/* Begin PBXProject section */
		55478E7E2A2C9FD700D07C69 /* Project object */ = {
			isa = PBXProject;
			attributes = {
				BuildIndependentTargetsInParallel = 1;
				LastSwiftUpdateCheck = 1430;
				LastUpgradeCheck = 1430;
				TargetAttributes = {
					55478E852A2C9FD700D07C69 = {
						CreatedOnToolsVersion = 14.3.1;
					};
				};
			};
			buildConfigurationList = 55478E812A2C9FD700D07C69 /* Build configuration list for PBXProject "Navigation" */;
			compatibilityVersion = "Xcode 14.0";
			developmentRegion = en;
			hasScannedForEncodings = 0;
			knownRegions = (
				en,
				Base,
			);
			mainGroup = 55478E7D2A2C9FD700D07C69;
			packageReferences = (
				553879222A8390990059447E /* XCRemoteSwiftPackageReference "swift-algorithms.git" */,
				553879252A8395640059447E /* XCRemoteSwiftPackageReference "iOSIntPackage" */,
			);
			productRefGroup = 55478E872A2C9FD700D07C69 /* Products */;
			projectDirPath = "";
			projectRoot = "";
			targets = (
				55478E852A2C9FD700D07C69 /* Navigation */,
			);
		};
/* End PBXProject section */

/* Begin PBXResourcesBuildPhase section */
		55478E842A2C9FD700D07C69 /* Resources */ = {
			isa = PBXResourcesBuildPhase;
			buildActionMask = 2147483647;
			files = (
				55478E962A2C9FD800D07C69 /* LaunchScreen.storyboard in Resources */,
				55478E932A2C9FD800D07C69 /* Assets.xcassets in Resources */,
			);
			runOnlyForDeploymentPostprocessing = 0;
		};
/* End PBXResourcesBuildPhase section */

/* Begin PBXShellScriptBuildPhase section */
		1DC28914C08251DF5D0E832A /* [CP] Embed Pods Frameworks */ = {
			isa = PBXShellScriptBuildPhase;
			buildActionMask = 2147483647;
			files = (
			);
			inputFileListPaths = (
				"${PODS_ROOT}/Target Support Files/Pods-Navigation/Pods-Navigation-frameworks-${CONFIGURATION}-input-files.xcfilelist",
			);
			name = "[CP] Embed Pods Frameworks";
			outputFileListPaths = (
				"${PODS_ROOT}/Target Support Files/Pods-Navigation/Pods-Navigation-frameworks-${CONFIGURATION}-output-files.xcfilelist",
			);
			runOnlyForDeploymentPostprocessing = 0;
			shellPath = /bin/sh;
			shellScript = "\"${PODS_ROOT}/Target Support Files/Pods-Navigation/Pods-Navigation-frameworks.sh\"\n";
			showEnvVarsInLog = 0;
		};
		A733194E6ECB11D540FC2F63 /* [CP] Check Pods Manifest.lock */ = {
			isa = PBXShellScriptBuildPhase;
			buildActionMask = 2147483647;
			files = (
			);
			inputFileListPaths = (
			);
			inputPaths = (
				"${PODS_PODFILE_DIR_PATH}/Podfile.lock",
				"${PODS_ROOT}/Manifest.lock",
			);
			name = "[CP] Check Pods Manifest.lock";
			outputFileListPaths = (
			);
			outputPaths = (
				"$(DERIVED_FILE_DIR)/Pods-Navigation-checkManifestLockResult.txt",
			);
			runOnlyForDeploymentPostprocessing = 0;
			shellPath = /bin/sh;
			shellScript = "diff \"${PODS_PODFILE_DIR_PATH}/Podfile.lock\" \"${PODS_ROOT}/Manifest.lock\" > /dev/null\nif [ $? != 0 ] ; then\n    # print error to STDERR\n    echo \"error: The sandbox is not in sync with the Podfile.lock. Run 'pod install' or update your CocoaPods installation.\" >&2\n    exit 1\nfi\n# This output is used by Xcode 'outputs' to avoid re-running this script phase.\necho \"SUCCESS\" > \"${SCRIPT_OUTPUT_FILE_0}\"\n";
			showEnvVarsInLog = 0;
		};
/* End PBXShellScriptBuildPhase section */

/* Begin PBXSourcesBuildPhase section */
		55478E822A2C9FD700D07C69 /* Sources */ = {
			isa = PBXSourcesBuildPhase;
			buildActionMask = 2147483647;
			files = (
				55478EA62A2E189200D07C69 /* PostViewController.swift in Sources */,
				558B104C2A56EDC10030A343 /* ProfileView.swift in Sources */,
				5509ABCE2A71B72B003D3E94 /* PostTableViewCell.swift in Sources */,
				55478E8E2A2C9FD700D07C69 /* ViewController.swift in Sources */,
				55478E8A2A2C9FD700D07C69 /* AppDelegate.swift in Sources */,
				5509ABCF2A7BAAAD003D3E94 /* Post.swift in Sources */,
				55478EA42A2CB4D800D07C69 /* FeedViewController.swift in Sources */,
				556B3FD52A67EA4F00F8571E /* ColorSet.swift in Sources */,
				5509ABCA2A7131F1003D3E94 /* Publications.swift in Sources */,
				556B3FD92A67F56300F8571E /* ProfileViewController.swift in Sources */,
				55F434372A2E29E80062F561 /* InfoViewController.swift in Sources */,
				556B3FD32A67E33C00F8571E /* LogInViewController.swift in Sources */,
				55478E8C2A2C9FD700D07C69 /* SceneDelegate.swift in Sources */,
				55D2FFAD2A81137E00EC448B /* PaddedTextField.swift in Sources */,
			);
			runOnlyForDeploymentPostprocessing = 0;
		};
/* End PBXSourcesBuildPhase section */

/* Begin PBXVariantGroup section */
		55478E942A2C9FD800D07C69 /* LaunchScreen.storyboard */ = {
			isa = PBXVariantGroup;
			children = (
				55478E952A2C9FD800D07C69 /* Base */,
			);
			name = LaunchScreen.storyboard;
			sourceTree = "<group>";
		};
/* End PBXVariantGroup section */

/* Begin XCBuildConfiguration section */
		55478E982A2C9FD800D07C69 /* Debug */ = {
			isa = XCBuildConfiguration;
			buildSettings = {
				ALWAYS_SEARCH_USER_PATHS = NO;
				CLANG_ANALYZER_NONNULL = YES;
				CLANG_ANALYZER_NUMBER_OBJECT_CONVERSION = YES_AGGRESSIVE;
				CLANG_CXX_LANGUAGE_STANDARD = "gnu++20";
				CLANG_ENABLE_MODULES = YES;
				CLANG_ENABLE_OBJC_ARC = YES;
				CLANG_ENABLE_OBJC_WEAK = YES;
				CLANG_WARN_BLOCK_CAPTURE_AUTORELEASING = YES;
				CLANG_WARN_BOOL_CONVERSION = YES;
				CLANG_WARN_COMMA = YES;
				CLANG_WARN_CONSTANT_CONVERSION = YES;
				CLANG_WARN_DEPRECATED_OBJC_IMPLEMENTATIONS = YES;
				CLANG_WARN_DIRECT_OBJC_ISA_USAGE = YES_ERROR;
				CLANG_WARN_DOCUMENTATION_COMMENTS = YES;
				CLANG_WARN_EMPTY_BODY = YES;
				CLANG_WARN_ENUM_CONVERSION = YES;
				CLANG_WARN_INFINITE_RECURSION = YES;
				CLANG_WARN_INT_CONVERSION = YES;
				CLANG_WARN_NON_LITERAL_NULL_CONVERSION = YES;
				CLANG_WARN_OBJC_IMPLICIT_RETAIN_SELF = YES;
				CLANG_WARN_OBJC_LITERAL_CONVERSION = YES;
				CLANG_WARN_OBJC_ROOT_CLASS = YES_ERROR;
				CLANG_WARN_QUOTED_INCLUDE_IN_FRAMEWORK_HEADER = YES;
				CLANG_WARN_RANGE_LOOP_ANALYSIS = YES;
				CLANG_WARN_STRICT_PROTOTYPES = YES;
				CLANG_WARN_SUSPICIOUS_MOVE = YES;
				CLANG_WARN_UNGUARDED_AVAILABILITY = YES_AGGRESSIVE;
				CLANG_WARN_UNREACHABLE_CODE = YES;
				CLANG_WARN__DUPLICATE_METHOD_MATCH = YES;
				COPY_PHASE_STRIP = NO;
				DEBUG_INFORMATION_FORMAT = dwarf;
				ENABLE_STRICT_OBJC_MSGSEND = YES;
				ENABLE_TESTABILITY = YES;
				GCC_C_LANGUAGE_STANDARD = gnu11;
				GCC_DYNAMIC_NO_PIC = NO;
				GCC_NO_COMMON_BLOCKS = YES;
				GCC_OPTIMIZATION_LEVEL = 0;
				GCC_PREPROCESSOR_DEFINITIONS = (
					"DEBUG=1",
					"$(inherited)",
				);
				GCC_WARN_64_TO_32_BIT_CONVERSION = YES;
				GCC_WARN_ABOUT_RETURN_TYPE = YES_ERROR;
				GCC_WARN_UNDECLARED_SELECTOR = YES;
				GCC_WARN_UNINITIALIZED_AUTOS = YES_AGGRESSIVE;
				GCC_WARN_UNUSED_FUNCTION = YES;
				GCC_WARN_UNUSED_VARIABLE = YES;
				IPHONEOS_DEPLOYMENT_TARGET = 16.4;
				MTL_ENABLE_DEBUG_INFO = INCLUDE_SOURCE;
				MTL_FAST_MATH = YES;
				ONLY_ACTIVE_ARCH = YES;
				SDKROOT = iphoneos;
				SWIFT_ACTIVE_COMPILATION_CONDITIONS = DEBUG;
				SWIFT_OPTIMIZATION_LEVEL = "-Onone";
			};
			name = Debug;
		};
		55478E992A2C9FD800D07C69 /* Release */ = {
			isa = XCBuildConfiguration;
			buildSettings = {
				ALWAYS_SEARCH_USER_PATHS = NO;
				CLANG_ANALYZER_NONNULL = YES;
				CLANG_ANALYZER_NUMBER_OBJECT_CONVERSION = YES_AGGRESSIVE;
				CLANG_CXX_LANGUAGE_STANDARD = "gnu++20";
				CLANG_ENABLE_MODULES = YES;
				CLANG_ENABLE_OBJC_ARC = YES;
				CLANG_ENABLE_OBJC_WEAK = YES;
				CLANG_WARN_BLOCK_CAPTURE_AUTORELEASING = YES;
				CLANG_WARN_BOOL_CONVERSION = YES;
				CLANG_WARN_COMMA = YES;
				CLANG_WARN_CONSTANT_CONVERSION = YES;
				CLANG_WARN_DEPRECATED_OBJC_IMPLEMENTATIONS = YES;
				CLANG_WARN_DIRECT_OBJC_ISA_USAGE = YES_ERROR;
				CLANG_WARN_DOCUMENTATION_COMMENTS = YES;
				CLANG_WARN_EMPTY_BODY = YES;
				CLANG_WARN_ENUM_CONVERSION = YES;
				CLANG_WARN_INFINITE_RECURSION = YES;
				CLANG_WARN_INT_CONVERSION = YES;
				CLANG_WARN_NON_LITERAL_NULL_CONVERSION = YES;
				CLANG_WARN_OBJC_IMPLICIT_RETAIN_SELF = YES;
				CLANG_WARN_OBJC_LITERAL_CONVERSION = YES;
				CLANG_WARN_OBJC_ROOT_CLASS = YES_ERROR;
				CLANG_WARN_QUOTED_INCLUDE_IN_FRAMEWORK_HEADER = YES;
				CLANG_WARN_RANGE_LOOP_ANALYSIS = YES;
				CLANG_WARN_STRICT_PROTOTYPES = YES;
				CLANG_WARN_SUSPICIOUS_MOVE = YES;
				CLANG_WARN_UNGUARDED_AVAILABILITY = YES_AGGRESSIVE;
				CLANG_WARN_UNREACHABLE_CODE = YES;
				CLANG_WARN__DUPLICATE_METHOD_MATCH = YES;
				COPY_PHASE_STRIP = NO;
				DEBUG_INFORMATION_FORMAT = "dwarf-with-dsym";
				ENABLE_NS_ASSERTIONS = NO;
				ENABLE_STRICT_OBJC_MSGSEND = YES;
				GCC_C_LANGUAGE_STANDARD = gnu11;
				GCC_NO_COMMON_BLOCKS = YES;
				GCC_WARN_64_TO_32_BIT_CONVERSION = YES;
				GCC_WARN_ABOUT_RETURN_TYPE = YES_ERROR;
				GCC_WARN_UNDECLARED_SELECTOR = YES;
				GCC_WARN_UNINITIALIZED_AUTOS = YES_AGGRESSIVE;
				GCC_WARN_UNUSED_FUNCTION = YES;
				GCC_WARN_UNUSED_VARIABLE = YES;
				IPHONEOS_DEPLOYMENT_TARGET = 16.4;
				MTL_ENABLE_DEBUG_INFO = NO;
				MTL_FAST_MATH = YES;
				SDKROOT = iphoneos;
				SWIFT_COMPILATION_MODE = wholemodule;
				SWIFT_OPTIMIZATION_LEVEL = "-O";
				VALIDATE_PRODUCT = YES;
			};
			name = Release;
		};
		55478E9B2A2C9FD800D07C69 /* Debug */ = {
			isa = XCBuildConfiguration;
			baseConfigurationReference = 25288C8F6CF427A38C56EF9A /* Pods-Navigation.debug.xcconfig */;
			buildSettings = {
				ASSETCATALOG_COMPILER_APPICON_NAME = AppIcon;
				ASSETCATALOG_COMPILER_GLOBAL_ACCENT_COLOR_NAME = AccentColor;
				CODE_SIGN_STYLE = Automatic;
				CURRENT_PROJECT_VERSION = 1;
				DEVELOPMENT_TEAM = KPW97R7K5W;
				GENERATE_INFOPLIST_FILE = YES;
				INFOPLIST_FILE = Navigation/Info.plist;
				INFOPLIST_KEY_UIApplicationSupportsIndirectInputEvents = YES;
				INFOPLIST_KEY_UILaunchStoryboardName = LaunchScreen;
				INFOPLIST_KEY_UISupportedInterfaceOrientations_iPad = "UIInterfaceOrientationPortrait UIInterfaceOrientationPortraitUpsideDown UIInterfaceOrientationLandscapeLeft UIInterfaceOrientationLandscapeRight";
				INFOPLIST_KEY_UISupportedInterfaceOrientations_iPhone = "UIInterfaceOrientationPortrait UIInterfaceOrientationLandscapeLeft UIInterfaceOrientationLandscapeRight";
				LD_RUNPATH_SEARCH_PATHS = (
					"$(inherited)",
					"@executable_path/Frameworks",
				);
				MARKETING_VERSION = 1.0;
				PRODUCT_BUNDLE_IDENTIFIER = com.Navigation99999999999999;
				PRODUCT_NAME = "$(TARGET_NAME)";
				SWIFT_EMIT_LOC_STRINGS = YES;
				SWIFT_VERSION = 5.0;
				TARGETED_DEVICE_FAMILY = "1,2";
			};
			name = Debug;
		};
		55478E9C2A2C9FD800D07C69 /* Release */ = {
			isa = XCBuildConfiguration;
			baseConfigurationReference = 511220878C69490B58E78C3E /* Pods-Navigation.release.xcconfig */;
			buildSettings = {
				ASSETCATALOG_COMPILER_APPICON_NAME = AppIcon;
				ASSETCATALOG_COMPILER_GLOBAL_ACCENT_COLOR_NAME = AccentColor;
				CODE_SIGN_STYLE = Automatic;
				CURRENT_PROJECT_VERSION = 1;
				DEVELOPMENT_TEAM = KPW97R7K5W;
				GENERATE_INFOPLIST_FILE = YES;
				INFOPLIST_FILE = Navigation/Info.plist;
				INFOPLIST_KEY_UIApplicationSupportsIndirectInputEvents = YES;
				INFOPLIST_KEY_UILaunchStoryboardName = LaunchScreen;
				INFOPLIST_KEY_UISupportedInterfaceOrientations_iPad = "UIInterfaceOrientationPortrait UIInterfaceOrientationPortraitUpsideDown UIInterfaceOrientationLandscapeLeft UIInterfaceOrientationLandscapeRight";
				INFOPLIST_KEY_UISupportedInterfaceOrientations_iPhone = "UIInterfaceOrientationPortrait UIInterfaceOrientationLandscapeLeft UIInterfaceOrientationLandscapeRight";
				LD_RUNPATH_SEARCH_PATHS = (
					"$(inherited)",
					"@executable_path/Frameworks",
				);
				MARKETING_VERSION = 1.0;
				PRODUCT_BUNDLE_IDENTIFIER = com.Navigation99999999999999;
				PRODUCT_NAME = "$(TARGET_NAME)";
				SWIFT_EMIT_LOC_STRINGS = YES;
				SWIFT_VERSION = 5.0;
				TARGETED_DEVICE_FAMILY = "1,2";
			};
			name = Release;
		};
/* End XCBuildConfiguration section */

/* Begin XCConfigurationList section */
		55478E812A2C9FD700D07C69 /* Build configuration list for PBXProject "Navigation" */ = {
			isa = XCConfigurationList;
			buildConfigurations = (
				55478E982A2C9FD800D07C69 /* Debug */,
				55478E992A2C9FD800D07C69 /* Release */,
			);
			defaultConfigurationIsVisible = 0;
			defaultConfigurationName = Release;
		};
		55478E9A2A2C9FD800D07C69 /* Build configuration list for PBXNativeTarget "Navigation" */ = {
			isa = XCConfigurationList;
			buildConfigurations = (
				55478E9B2A2C9FD800D07C69 /* Debug */,
				55478E9C2A2C9FD800D07C69 /* Release */,
			);
			defaultConfigurationIsVisible = 0;
			defaultConfigurationName = Release;
		};
/* End XCConfigurationList section */

/* Begin XCRemoteSwiftPackageReference section */
		553879222A8390990059447E /* XCRemoteSwiftPackageReference "swift-algorithms.git" */ = {
			isa = XCRemoteSwiftPackageReference;
			repositoryURL = "https://github.com/apple/swift-algorithms.git";
			requirement = {
				kind = upToNextMajorVersion;
				minimumVersion = 1.0.0;
			};
		};
		553879252A8395640059447E /* XCRemoteSwiftPackageReference "iOSIntPackage" */ = {
			isa = XCRemoteSwiftPackageReference;
			repositoryURL = "https://github.com/TrueMax/iOSIntPackage";
			requirement = {
				kind = upToNextMajorVersion;
				minimumVersion = 2.0.0;
			};
		};
/* End XCRemoteSwiftPackageReference section */

/* Begin XCSwiftPackageProductDependency section */
		553879232A8390990059447E /* Algorithms */ = {
			isa = XCSwiftPackageProductDependency;
			package = 553879222A8390990059447E /* XCRemoteSwiftPackageReference "swift-algorithms.git" */;
			productName = Algorithms;
		};
		553879262A8395640059447E /* iOSIntPackage */ = {
			isa = XCSwiftPackageProductDependency;
			package = 553879252A8395640059447E /* XCRemoteSwiftPackageReference "iOSIntPackage" */;
			productName = iOSIntPackage;
		};
/* End XCSwiftPackageProductDependency section */
	};
	rootObject = 55478E7E2A2C9FD700D07C69 /* Project object */;
}
