// !$*UTF8*$!
{
	archiveVersion = 1;
	classes = {
	};
	objectVersion = 56;
	objects = {

/* Begin PBXBuildFile section */
		5509ABAE2A6E8802003D3E94 /* StorageService.docc in Sources */ = {isa = PBXBuildFile; fileRef = 5509ABAD2A6E8802003D3E94 /* StorageService.docc */; };
		5509ABB42A6E8802003D3E94 /* StorageService.framework in Frameworks */ = {isa = PBXBuildFile; fileRef = 5509ABAA2A6E8802003D3E94 /* StorageService.framework */; };
		5509ABBB2A6E8802003D3E94 /* StorageServiceTests.swift in Sources */ = {isa = PBXBuildFile; fileRef = 5509ABBA2A6E8802003D3E94 /* StorageServiceTests.swift */; };
		5509ABBC2A6E8802003D3E94 /* StorageService.h in Headers */ = {isa = PBXBuildFile; fileRef = 5509ABAC2A6E8802003D3E94 /* StorageService.h */; settings = {ATTRIBUTES = (Public, ); }; };
		5509ABBF2A6E8802003D3E94 /* StorageService.framework in Frameworks */ = {isa = PBXBuildFile; fileRef = 5509ABAA2A6E8802003D3E94 /* StorageService.framework */; };
		5509ABC02A6E8802003D3E94 /* StorageService.framework in Embed Frameworks */ = {isa = PBXBuildFile; fileRef = 5509ABAA2A6E8802003D3E94 /* StorageService.framework */; settings = {ATTRIBUTES = (CodeSignOnCopy, RemoveHeadersOnCopy, ); }; };
		5509ABC82A6E880C003D3E94 /* Post.swift in Sources */ = {isa = PBXBuildFile; fileRef = 55F434342A2E24BC0062F561 /* Post.swift */; };
		5509ABCA2A7131F1003D3E94 /* Publications.swift in Sources */ = {isa = PBXBuildFile; fileRef = 5509ABC92A7131F1003D3E94 /* Publications.swift */; };
		5509ABCC2A71B286003D3E94 /* ProfileHeaderView.swift in Sources */ = {isa = PBXBuildFile; fileRef = 5509ABCB2A71B286003D3E94 /* ProfileHeaderView.swift */; };
		5509ABCE2A71B72B003D3E94 /* PostTableViewCell.swift in Sources */ = {isa = PBXBuildFile; fileRef = 5509ABCD2A71B72B003D3E94 /* PostTableViewCell.swift */; };
		55478E8A2A2C9FD700D07C69 /* AppDelegate.swift in Sources */ = {isa = PBXBuildFile; fileRef = 55478E892A2C9FD700D07C69 /* AppDelegate.swift */; };
		55478E8C2A2C9FD700D07C69 /* SceneDelegate.swift in Sources */ = {isa = PBXBuildFile; fileRef = 55478E8B2A2C9FD700D07C69 /* SceneDelegate.swift */; };
		55478E8E2A2C9FD700D07C69 /* ViewController.swift in Sources */ = {isa = PBXBuildFile; fileRef = 55478E8D2A2C9FD700D07C69 /* ViewController.swift */; };
		55478E932A2C9FD800D07C69 /* Assets.xcassets in Resources */ = {isa = PBXBuildFile; fileRef = 55478E922A2C9FD800D07C69 /* Assets.xcassets */; };
		55478E962A2C9FD800D07C69 /* LaunchScreen.storyboard in Resources */ = {isa = PBXBuildFile; fileRef = 55478E942A2C9FD800D07C69 /* LaunchScreen.storyboard */; };
		55478EA42A2CB4D800D07C69 /* FeedViewController.swift in Sources */ = {isa = PBXBuildFile; fileRef = 55478EA32A2CB4D800D07C69 /* FeedViewController.swift */; };
		55478EA62A2E189200D07C69 /* PostViewController.swift in Sources */ = {isa = PBXBuildFile; fileRef = 55478EA52A2E189200D07C69 /* PostViewController.swift */; };
		556B3FD32A67E33C00F8571E /* LogInViewController.swift in Sources */ = {isa = PBXBuildFile; fileRef = 556B3FD22A67E33C00F8571E /* LogInViewController.swift */; };
		556B3FD52A67EA4F00F8571E /* ColorSet.swift in Sources */ = {isa = PBXBuildFile; fileRef = 556B3FD42A67EA4F00F8571E /* ColorSet.swift */; };
		556B3FD92A67F56300F8571E /* ProfileViewController.swift in Sources */ = {isa = PBXBuildFile; fileRef = 556B3FD82A67F56300F8571E /* ProfileViewController.swift */; };
		558B104C2A56EDC10030A343 /* ProfileView.swift in Sources */ = {isa = PBXBuildFile; fileRef = 558B104B2A56EDC10030A343 /* ProfileView.swift */; };
		55F434372A2E29E80062F561 /* InfoViewController.swift in Sources */ = {isa = PBXBuildFile; fileRef = 55F434362A2E29E80062F561 /* InfoViewController.swift */; };
/* End PBXBuildFile section */

/* Begin PBXContainerItemProxy section */
		5509ABB52A6E8802003D3E94 /* PBXContainerItemProxy */ = {
			isa = PBXContainerItemProxy;
			containerPortal = 55478E7E2A2C9FD700D07C69 /* Project object */;
			proxyType = 1;
			remoteGlobalIDString = 5509ABA92A6E8802003D3E94;
			remoteInfo = StorageService;
		};
		5509ABB72A6E8802003D3E94 /* PBXContainerItemProxy */ = {
			isa = PBXContainerItemProxy;
			containerPortal = 55478E7E2A2C9FD700D07C69 /* Project object */;
			proxyType = 1;
			remoteGlobalIDString = 55478E852A2C9FD700D07C69;
			remoteInfo = Navigation;
		};
		5509ABBD2A6E8802003D3E94 /* PBXContainerItemProxy */ = {
			isa = PBXContainerItemProxy;
			containerPortal = 55478E7E2A2C9FD700D07C69 /* Project object */;
			proxyType = 1;
			remoteGlobalIDString = 5509ABA92A6E8802003D3E94;
			remoteInfo = StorageService;
		};
/* End PBXContainerItemProxy section */

/* Begin PBXCopyFilesBuildPhase section */
		5509ABC42A6E8802003D3E94 /* Embed Frameworks */ = {
			isa = PBXCopyFilesBuildPhase;
			buildActionMask = 2147483647;
			dstPath = "";
			dstSubfolderSpec = 10;
			files = (
				5509ABC02A6E8802003D3E94 /* StorageService.framework in Embed Frameworks */,
			);
			name = "Embed Frameworks";
			runOnlyForDeploymentPostprocessing = 0;
		};
		55D9801D2A6E6A2400A8B562 /* Embed Foundation Extensions */ = {
			isa = PBXCopyFilesBuildPhase;
			buildActionMask = 2147483647;
			dstPath = "";
			dstSubfolderSpec = 13;
			files = (
			);
			name = "Embed Foundation Extensions";
			runOnlyForDeploymentPostprocessing = 0;
		};
/* End PBXCopyFilesBuildPhase section */

/* Begin PBXFileReference section */
		5509ABAA2A6E8802003D3E94 /* StorageService.framework */ = {isa = PBXFileReference; explicitFileType = wrapper.framework; includeInIndex = 0; path = StorageService.framework; sourceTree = BUILT_PRODUCTS_DIR; };
		5509ABAC2A6E8802003D3E94 /* StorageService.h */ = {isa = PBXFileReference; lastKnownFileType = sourcecode.c.h; path = StorageService.h; sourceTree = "<group>"; };
		5509ABAD2A6E8802003D3E94 /* StorageService.docc */ = {isa = PBXFileReference; lastKnownFileType = folder.documentationcatalog; path = StorageService.docc; sourceTree = "<group>"; };
		5509ABB32A6E8802003D3E94 /* StorageServiceTests.xctest */ = {isa = PBXFileReference; explicitFileType = wrapper.cfbundle; includeInIndex = 0; path = StorageServiceTests.xctest; sourceTree = BUILT_PRODUCTS_DIR; };
		5509ABBA2A6E8802003D3E94 /* StorageServiceTests.swift */ = {isa = PBXFileReference; lastKnownFileType = sourcecode.swift; path = StorageServiceTests.swift; sourceTree = "<group>"; };
		5509ABC92A7131F1003D3E94 /* Publications.swift */ = {isa = PBXFileReference; lastKnownFileType = sourcecode.swift; path = Publications.swift; sourceTree = "<group>"; };
		5509ABCB2A71B286003D3E94 /* ProfileHeaderView.swift */ = {isa = PBXFileReference; lastKnownFileType = sourcecode.swift; path = ProfileHeaderView.swift; sourceTree = "<group>"; };
		5509ABCD2A71B72B003D3E94 /* PostTableViewCell.swift */ = {isa = PBXFileReference; lastKnownFileType = sourcecode.swift; path = PostTableViewCell.swift; sourceTree = "<group>"; };
		55478E862A2C9FD700D07C69 /* Navigation.app */ = {isa = PBXFileReference; explicitFileType = wrapper.application; includeInIndex = 0; path = Navigation.app; sourceTree = BUILT_PRODUCTS_DIR; };
		55478E892A2C9FD700D07C69 /* AppDelegate.swift */ = {isa = PBXFileReference; lastKnownFileType = sourcecode.swift; path = AppDelegate.swift; sourceTree = "<group>"; };
		55478E8B2A2C9FD700D07C69 /* SceneDelegate.swift */ = {isa = PBXFileReference; lastKnownFileType = sourcecode.swift; path = SceneDelegate.swift; sourceTree = "<group>"; };
		55478E8D2A2C9FD700D07C69 /* ViewController.swift */ = {isa = PBXFileReference; lastKnownFileType = sourcecode.swift; path = ViewController.swift; sourceTree = "<group>"; };
		55478E922A2C9FD800D07C69 /* Assets.xcassets */ = {isa = PBXFileReference; lastKnownFileType = folder.assetcatalog; path = Assets.xcassets; sourceTree = "<group>"; };
		55478E952A2C9FD800D07C69 /* Base */ = {isa = PBXFileReference; lastKnownFileType = file.storyboard; name = Base; path = Base.lproj/LaunchScreen.storyboard; sourceTree = "<group>"; };
		55478E972A2C9FD800D07C69 /* Info.plist */ = {isa = PBXFileReference; lastKnownFileType = text.plist.xml; path = Info.plist; sourceTree = "<group>"; };
		55478EA32A2CB4D800D07C69 /* FeedViewController.swift */ = {isa = PBXFileReference; lastKnownFileType = sourcecode.swift; path = FeedViewController.swift; sourceTree = "<group>"; };
		55478EA52A2E189200D07C69 /* PostViewController.swift */ = {isa = PBXFileReference; lastKnownFileType = sourcecode.swift; path = PostViewController.swift; sourceTree = "<group>"; };
		556B3FD22A67E33C00F8571E /* LogInViewController.swift */ = {isa = PBXFileReference; lastKnownFileType = sourcecode.swift; path = LogInViewController.swift; sourceTree = "<group>"; };
		556B3FD42A67EA4F00F8571E /* ColorSet.swift */ = {isa = PBXFileReference; lastKnownFileType = sourcecode.swift; path = ColorSet.swift; sourceTree = "<group>"; };
		556B3FD82A67F56300F8571E /* ProfileViewController.swift */ = {isa = PBXFileReference; lastKnownFileType = sourcecode.swift; path = ProfileViewController.swift; sourceTree = "<group>"; };
		558B104B2A56EDC10030A343 /* ProfileView.swift */ = {isa = PBXFileReference; lastKnownFileType = sourcecode.swift; path = ProfileView.swift; sourceTree = "<group>"; };
		55F434342A2E24BC0062F561 /* Post.swift */ = {isa = PBXFileReference; lastKnownFileType = sourcecode.swift; path = Post.swift; sourceTree = "<group>"; };
		55F434362A2E29E80062F561 /* InfoViewController.swift */ = {isa = PBXFileReference; lastKnownFileType = sourcecode.swift; path = InfoViewController.swift; sourceTree = "<group>"; };
/* End PBXFileReference section */

/* Begin PBXFrameworksBuildPhase section */
		5509ABA72A6E8802003D3E94 /* Frameworks */ = {
			isa = PBXFrameworksBuildPhase;
			buildActionMask = 2147483647;
			files = (
			);
			runOnlyForDeploymentPostprocessing = 0;
		};
		5509ABB02A6E8802003D3E94 /* Frameworks */ = {
			isa = PBXFrameworksBuildPhase;
			buildActionMask = 2147483647;
			files = (
				5509ABB42A6E8802003D3E94 /* StorageService.framework in Frameworks */,
			);
			runOnlyForDeploymentPostprocessing = 0;
		};
		55478E832A2C9FD700D07C69 /* Frameworks */ = {
			isa = PBXFrameworksBuildPhase;
			buildActionMask = 2147483647;
			files = (
				5509ABBF2A6E8802003D3E94 /* StorageService.framework in Frameworks */,
			);
			runOnlyForDeploymentPostprocessing = 0;
		};
/* End PBXFrameworksBuildPhase section */

/* Begin PBXGroup section */
		5509ABAB2A6E8802003D3E94 /* StorageService */ = {
			isa = PBXGroup;
			children = (
				55F434342A2E24BC0062F561 /* Post.swift */,
				5509ABAC2A6E8802003D3E94 /* StorageService.h */,
				5509ABAD2A6E8802003D3E94 /* StorageService.docc */,
			);
			path = StorageService;
			sourceTree = "<group>";
		};
		5509ABB92A6E8802003D3E94 /* StorageServiceTests */ = {
			isa = PBXGroup;
			children = (
				5509ABBA2A6E8802003D3E94 /* StorageServiceTests.swift */,
			);
			path = StorageServiceTests;
			sourceTree = "<group>";
		};
		55478E7D2A2C9FD700D07C69 = {
			isa = PBXGroup;
			children = (
				55478E882A2C9FD700D07C69 /* Navigation */,
				5509ABAB2A6E8802003D3E94 /* StorageService */,
				5509ABB92A6E8802003D3E94 /* StorageServiceTests */,
				55478E872A2C9FD700D07C69 /* Products */,
			);
			sourceTree = "<group>";
			usesTabs = 0;
		};
		55478E872A2C9FD700D07C69 /* Products */ = {
			isa = PBXGroup;
			children = (
				55478E862A2C9FD700D07C69 /* Navigation.app */,
				5509ABAA2A6E8802003D3E94 /* StorageService.framework */,
				5509ABB32A6E8802003D3E94 /* StorageServiceTests.xctest */,
			);
			name = Products;
			sourceTree = "<group>";
		};
		55478E882A2C9FD700D07C69 /* Navigation */ = {
			isa = PBXGroup;
			children = (
				55478E892A2C9FD700D07C69 /* AppDelegate.swift */,
				55478E8B2A2C9FD700D07C69 /* SceneDelegate.swift */,
				55478E8D2A2C9FD700D07C69 /* ViewController.swift */,
				55478E922A2C9FD800D07C69 /* Assets.xcassets */,
				55478E942A2C9FD800D07C69 /* LaunchScreen.storyboard */,
				55478E972A2C9FD800D07C69 /* Info.plist */,
				556B3FD82A67F56300F8571E /* ProfileViewController.swift */,
				55478EA32A2CB4D800D07C69 /* FeedViewController.swift */,
				55478EA52A2E189200D07C69 /* PostViewController.swift */,
				55F434362A2E29E80062F561 /* InfoViewController.swift */,
				558B104B2A56EDC10030A343 /* ProfileView.swift */,
				556B3FD22A67E33C00F8571E /* LogInViewController.swift */,
				556B3FD42A67EA4F00F8571E /* ColorSet.swift */,
				5509ABC92A7131F1003D3E94 /* Publications.swift */,
				5509ABCB2A71B286003D3E94 /* ProfileHeaderView.swift */,
				5509ABCD2A71B72B003D3E94 /* PostTableViewCell.swift */,
			);
			path = Navigation;
			sourceTree = "<group>";
		};
/* End PBXGroup section */

/* Begin PBXHeadersBuildPhase section */
		5509ABA52A6E8802003D3E94 /* Headers */ = {
			isa = PBXHeadersBuildPhase;
			buildActionMask = 2147483647;
			files = (
				5509ABBC2A6E8802003D3E94 /* StorageService.h in Headers */,
			);
			runOnlyForDeploymentPostprocessing = 0;
		};
/* End PBXHeadersBuildPhase section */

/* Begin PBXNativeTarget section */
		5509ABA92A6E8802003D3E94 /* StorageService */ = {
			isa = PBXNativeTarget;
			buildConfigurationList = 5509ABC12A6E8802003D3E94 /* Build configuration list for PBXNativeTarget "StorageService" */;
			buildPhases = (
				5509ABA52A6E8802003D3E94 /* Headers */,
				5509ABA62A6E8802003D3E94 /* Sources */,
				5509ABA72A6E8802003D3E94 /* Frameworks */,
				5509ABA82A6E8802003D3E94 /* Resources */,
			);
			buildRules = (
			);
			dependencies = (
			);
			name = StorageService;
			productName = StorageService;
			productReference = 5509ABAA2A6E8802003D3E94 /* StorageService.framework */;
			productType = "com.apple.product-type.framework";
		};
		5509ABB22A6E8802003D3E94 /* StorageServiceTests */ = {
			isa = PBXNativeTarget;
			buildConfigurationList = 5509ABC52A6E8802003D3E94 /* Build configuration list for PBXNativeTarget "StorageServiceTests" */;
			buildPhases = (
				5509ABAF2A6E8802003D3E94 /* Sources */,
				5509ABB02A6E8802003D3E94 /* Frameworks */,
				5509ABB12A6E8802003D3E94 /* Resources */,
			);
			buildRules = (
			);
			dependencies = (
				5509ABB62A6E8802003D3E94 /* PBXTargetDependency */,
				5509ABB82A6E8802003D3E94 /* PBXTargetDependency */,
			);
			name = StorageServiceTests;
			productName = StorageServiceTests;
			productReference = 5509ABB32A6E8802003D3E94 /* StorageServiceTests.xctest */;
			productType = "com.apple.product-type.bundle.unit-test";
		};
		55478E852A2C9FD700D07C69 /* Navigation */ = {
			isa = PBXNativeTarget;
			buildConfigurationList = 55478E9A2A2C9FD800D07C69 /* Build configuration list for PBXNativeTarget "Navigation" */;
			buildPhases = (
				55478E822A2C9FD700D07C69 /* Sources */,
				55478E832A2C9FD700D07C69 /* Frameworks */,
				55478E842A2C9FD700D07C69 /* Resources */,
				55D9801D2A6E6A2400A8B562 /* Embed Foundation Extensions */,
				5509ABC42A6E8802003D3E94 /* Embed Frameworks */,
			);
			buildRules = (
			);
			dependencies = (
				5509ABBE2A6E8802003D3E94 /* PBXTargetDependency */,
			);
			name = Navigation;
			productName = Navigation;
			productReference = 55478E862A2C9FD700D07C69 /* Navigation.app */;
			productType = "com.apple.product-type.application";
		};
/* End PBXNativeTarget section */

/* Begin PBXProject section */
		55478E7E2A2C9FD700D07C69 /* Project object */ = {
			isa = PBXProject;
			attributes = {
				BuildIndependentTargetsInParallel = 1;
				LastSwiftUpdateCheck = 1430;
				LastUpgradeCheck = 1430;
				TargetAttributes = {
					5509ABA92A6E8802003D3E94 = {
						CreatedOnToolsVersion = 14.3.1;
					};
					5509ABB22A6E8802003D3E94 = {
						CreatedOnToolsVersion = 14.3.1;
						TestTargetID = 55478E852A2C9FD700D07C69;
					};
					55478E852A2C9FD700D07C69 = {
						CreatedOnToolsVersion = 14.3.1;
					};
				};
			};
			buildConfigurationList = 55478E812A2C9FD700D07C69 /* Build configuration list for PBXProject "Navigation" */;
			compatibilityVersion = "Xcode 14.0";
			developmentRegion = en;
			hasScannedForEncodings = 0;
			knownRegions = (
				en,
				Base,
			);
			mainGroup = 55478E7D2A2C9FD700D07C69;
			productRefGroup = 55478E872A2C9FD700D07C69 /* Products */;
			projectDirPath = "";
			projectRoot = "";
			targets = (
				55478E852A2C9FD700D07C69 /* Navigation */,
				5509ABA92A6E8802003D3E94 /* StorageService */,
				5509ABB22A6E8802003D3E94 /* StorageServiceTests */,
			);
		};
/* End PBXProject section */

/* Begin PBXResourcesBuildPhase section */
		5509ABA82A6E8802003D3E94 /* Resources */ = {
			isa = PBXResourcesBuildPhase;
			buildActionMask = 2147483647;
			files = (
			);
			runOnlyForDeploymentPostprocessing = 0;
		};
		5509ABB12A6E8802003D3E94 /* Resources */ = {
			isa = PBXResourcesBuildPhase;
			buildActionMask = 2147483647;
			files = (
			);
			runOnlyForDeploymentPostprocessing = 0;
		};
		55478E842A2C9FD700D07C69 /* Resources */ = {
			isa = PBXResourcesBuildPhase;
			buildActionMask = 2147483647;
			files = (
				55478E962A2C9FD800D07C69 /* LaunchScreen.storyboard in Resources */,
				55478E932A2C9FD800D07C69 /* Assets.xcassets in Resources */,
			);
			runOnlyForDeploymentPostprocessing = 0;
		};
/* End PBXResourcesBuildPhase section */

/* Begin PBXSourcesBuildPhase section */
		5509ABA62A6E8802003D3E94 /* Sources */ = {
			isa = PBXSourcesBuildPhase;
			buildActionMask = 2147483647;
			files = (
				5509ABAE2A6E8802003D3E94 /* StorageService.docc in Sources */,
				5509ABC82A6E880C003D3E94 /* Post.swift in Sources */,
			);
			runOnlyForDeploymentPostprocessing = 0;
		};
		5509ABAF2A6E8802003D3E94 /* Sources */ = {
			isa = PBXSourcesBuildPhase;
			buildActionMask = 2147483647;
			files = (
				5509ABBB2A6E8802003D3E94 /* StorageServiceTests.swift in Sources */,
			);
			runOnlyForDeploymentPostprocessing = 0;
		};
		55478E822A2C9FD700D07C69 /* Sources */ = {
			isa = PBXSourcesBuildPhase;
			buildActionMask = 2147483647;
			files = (
				55478EA62A2E189200D07C69 /* PostViewController.swift in Sources */,
				558B104C2A56EDC10030A343 /* ProfileView.swift in Sources */,
				5509ABCE2A71B72B003D3E94 /* PostTableViewCell.swift in Sources */,
				55478E8E2A2C9FD700D07C69 /* ViewController.swift in Sources */,
				55478E8A2A2C9FD700D07C69 /* AppDelegate.swift in Sources */,
				55478EA42A2CB4D800D07C69 /* FeedViewController.swift in Sources */,
				556B3FD52A67EA4F00F8571E /* ColorSet.swift in Sources */,
				5509ABCA2A7131F1003D3E94 /* Publications.swift in Sources */,
				5509ABCC2A71B286003D3E94 /* ProfileHeaderView.swift in Sources */,
				556B3FD92A67F56300F8571E /* ProfileViewController.swift in Sources */,
				55F434372A2E29E80062F561 /* InfoViewController.swift in Sources */,
				556B3FD32A67E33C00F8571E /* LogInViewController.swift in Sources */,
				55478E8C2A2C9FD700D07C69 /* SceneDelegate.swift in Sources */,
			);
			runOnlyForDeploymentPostprocessing = 0;
		};
/* End PBXSourcesBuildPhase section */

/* Begin PBXTargetDependency section */
		5509ABB62A6E8802003D3E94 /* PBXTargetDependency */ = {
			isa = PBXTargetDependency;
			target = 5509ABA92A6E8802003D3E94 /* StorageService */;
			targetProxy = 5509ABB52A6E8802003D3E94 /* PBXContainerItemProxy */;
		};
		5509ABB82A6E8802003D3E94 /* PBXTargetDependency */ = {
			isa = PBXTargetDependency;
			target = 55478E852A2C9FD700D07C69 /* Navigation */;
			targetProxy = 5509ABB72A6E8802003D3E94 /* PBXContainerItemProxy */;
		};
		5509ABBE2A6E8802003D3E94 /* PBXTargetDependency */ = {
			isa = PBXTargetDependency;
			target = 5509ABA92A6E8802003D3E94 /* StorageService */;
			targetProxy = 5509ABBD2A6E8802003D3E94 /* PBXContainerItemProxy */;
		};
/* End PBXTargetDependency section */

/* Begin PBXVariantGroup section */
		55478E942A2C9FD800D07C69 /* LaunchScreen.storyboard */ = {
			isa = PBXVariantGroup;
			children = (
				55478E952A2C9FD800D07C69 /* Base */,
			);
			name = LaunchScreen.storyboard;
			sourceTree = "<group>";
		};
/* End PBXVariantGroup section */

/* Begin XCBuildConfiguration section */
		5509ABC22A6E8802003D3E94 /* Debug */ = {
			isa = XCBuildConfiguration;
			buildSettings = {
				CODE_SIGN_STYLE = Automatic;
				CURRENT_PROJECT_VERSION = 1;
				DEFINES_MODULE = YES;
				DEVELOPMENT_TEAM = KPW97R7K5W;
				DYLIB_COMPATIBILITY_VERSION = 1;
				DYLIB_CURRENT_VERSION = 1;
				DYLIB_INSTALL_NAME_BASE = "@rpath";
				ENABLE_MODULE_VERIFIER = YES;
				GENERATE_INFOPLIST_FILE = YES;
				INFOPLIST_KEY_NSHumanReadableCopyright = "";
				INSTALL_PATH = "$(LOCAL_LIBRARY_DIR)/Frameworks";
				LD_RUNPATH_SEARCH_PATHS = (
					"$(inherited)",
					"@executable_path/Frameworks",
					"@loader_path/Frameworks",
				);
				MARKETING_VERSION = 1.0;
				MODULE_VERIFIER_SUPPORTED_LANGUAGES = "objective-c objective-c++";
				MODULE_VERIFIER_SUPPORTED_LANGUAGE_STANDARDS = "gnu11 gnu++20";
				PRODUCT_BUNDLE_IDENTIFIER = "-.1.StorageService";
				PRODUCT_NAME = "$(TARGET_NAME:c99extidentifier)";
				SKIP_INSTALL = YES;
				SWIFT_EMIT_LOC_STRINGS = YES;
				SWIFT_VERSION = 5.0;
				TARGETED_DEVICE_FAMILY = "1,2";
				VERSIONING_SYSTEM = "apple-generic";
				VERSION_INFO_PREFIX = "";
			};
			name = Debug;
		};
		5509ABC32A6E8802003D3E94 /* Release */ = {
			isa = XCBuildConfiguration;
			buildSettings = {
				CODE_SIGN_STYLE = Automatic;
				CURRENT_PROJECT_VERSION = 1;
				DEFINES_MODULE = YES;
				DEVELOPMENT_TEAM = KPW97R7K5W;
				DYLIB_COMPATIBILITY_VERSION = 1;
				DYLIB_CURRENT_VERSION = 1;
				DYLIB_INSTALL_NAME_BASE = "@rpath";
				ENABLE_MODULE_VERIFIER = YES;
				GENERATE_INFOPLIST_FILE = YES;
				INFOPLIST_KEY_NSHumanReadableCopyright = "";
				INSTALL_PATH = "$(LOCAL_LIBRARY_DIR)/Frameworks";
				LD_RUNPATH_SEARCH_PATHS = (
					"$(inherited)",
					"@executable_path/Frameworks",
					"@loader_path/Frameworks",
				);
				MARKETING_VERSION = 1.0;
				MODULE_VERIFIER_SUPPORTED_LANGUAGES = "objective-c objective-c++";
				MODULE_VERIFIER_SUPPORTED_LANGUAGE_STANDARDS = "gnu11 gnu++20";
				PRODUCT_BUNDLE_IDENTIFIER = "-.1.StorageService";
				PRODUCT_NAME = "$(TARGET_NAME:c99extidentifier)";
				SKIP_INSTALL = YES;
				SWIFT_EMIT_LOC_STRINGS = YES;
				SWIFT_VERSION = 5.0;
				TARGETED_DEVICE_FAMILY = "1,2";
				VERSIONING_SYSTEM = "apple-generic";
				VERSION_INFO_PREFIX = "";
			};
			name = Release;
		};
		5509ABC62A6E8802003D3E94 /* Debug */ = {
			isa = XCBuildConfiguration;
			buildSettings = {
				ALWAYS_EMBED_SWIFT_STANDARD_LIBRARIES = YES;
				CODE_SIGN_STYLE = Automatic;
				CURRENT_PROJECT_VERSION = 1;
				DEVELOPMENT_TEAM = KPW97R7K5W;
				GENERATE_INFOPLIST_FILE = YES;
				MARKETING_VERSION = 1.0;
				PRODUCT_BUNDLE_IDENTIFIER = "-.1.StorageServiceTests";
				PRODUCT_NAME = "$(TARGET_NAME)";
				SWIFT_EMIT_LOC_STRINGS = NO;
				SWIFT_VERSION = 5.0;
				TARGETED_DEVICE_FAMILY = "1,2";
				TEST_HOST = "$(BUILT_PRODUCTS_DIR)/Navigation.app/$(BUNDLE_EXECUTABLE_FOLDER_PATH)/Navigation";
			};
			name = Debug;
		};
		5509ABC72A6E8802003D3E94 /* Release */ = {
			isa = XCBuildConfiguration;
			buildSettings = {
				ALWAYS_EMBED_SWIFT_STANDARD_LIBRARIES = YES;
				CODE_SIGN_STYLE = Automatic;
				CURRENT_PROJECT_VERSION = 1;
				DEVELOPMENT_TEAM = KPW97R7K5W;
				GENERATE_INFOPLIST_FILE = YES;
				MARKETING_VERSION = 1.0;
				PRODUCT_BUNDLE_IDENTIFIER = "-.1.StorageServiceTests";
				PRODUCT_NAME = "$(TARGET_NAME)";
				SWIFT_EMIT_LOC_STRINGS = NO;
				SWIFT_VERSION = 5.0;
				TARGETED_DEVICE_FAMILY = "1,2";
				TEST_HOST = "$(BUILT_PRODUCTS_DIR)/Navigation.app/$(BUNDLE_EXECUTABLE_FOLDER_PATH)/Navigation";
			};
			name = Release;
		};
		55478E982A2C9FD800D07C69 /* Debug */ = {
			isa = XCBuildConfiguration;
			buildSettings = {
				ALWAYS_SEARCH_USER_PATHS = NO;
				CLANG_ANALYZER_NONNULL = YES;
				CLANG_ANALYZER_NUMBER_OBJECT_CONVERSION = YES_AGGRESSIVE;
				CLANG_CXX_LANGUAGE_STANDARD = "gnu++20";
				CLANG_ENABLE_MODULES = YES;
				CLANG_ENABLE_OBJC_ARC = YES;
				CLANG_ENABLE_OBJC_WEAK = YES;
				CLANG_WARN_BLOCK_CAPTURE_AUTORELEASING = YES;
				CLANG_WARN_BOOL_CONVERSION = YES;
				CLANG_WARN_COMMA = YES;
				CLANG_WARN_CONSTANT_CONVERSION = YES;
				CLANG_WARN_DEPRECATED_OBJC_IMPLEMENTATIONS = YES;
				CLANG_WARN_DIRECT_OBJC_ISA_USAGE = YES_ERROR;
				CLANG_WARN_DOCUMENTATION_COMMENTS = YES;
				CLANG_WARN_EMPTY_BODY = YES;
				CLANG_WARN_ENUM_CONVERSION = YES;
				CLANG_WARN_INFINITE_RECURSION = YES;
				CLANG_WARN_INT_CONVERSION = YES;
				CLANG_WARN_NON_LITERAL_NULL_CONVERSION = YES;
				CLANG_WARN_OBJC_IMPLICIT_RETAIN_SELF = YES;
				CLANG_WARN_OBJC_LITERAL_CONVERSION = YES;
				CLANG_WARN_OBJC_ROOT_CLASS = YES_ERROR;
				CLANG_WARN_QUOTED_INCLUDE_IN_FRAMEWORK_HEADER = YES;
				CLANG_WARN_RANGE_LOOP_ANALYSIS = YES;
				CLANG_WARN_STRICT_PROTOTYPES = YES;
				CLANG_WARN_SUSPICIOUS_MOVE = YES;
				CLANG_WARN_UNGUARDED_AVAILABILITY = YES_AGGRESSIVE;
				CLANG_WARN_UNREACHABLE_CODE = YES;
				CLANG_WARN__DUPLICATE_METHOD_MATCH = YES;
				COPY_PHASE_STRIP = NO;
				DEBUG_INFORMATION_FORMAT = dwarf;
				ENABLE_STRICT_OBJC_MSGSEND = YES;
				ENABLE_TESTABILITY = YES;
				GCC_C_LANGUAGE_STANDARD = gnu11;
				GCC_DYNAMIC_NO_PIC = NO;
				GCC_NO_COMMON_BLOCKS = YES;
				GCC_OPTIMIZATION_LEVEL = 0;
				GCC_PREPROCESSOR_DEFINITIONS = (
					"DEBUG=1",
					"$(inherited)",
				);
				GCC_WARN_64_TO_32_BIT_CONVERSION = YES;
				GCC_WARN_ABOUT_RETURN_TYPE = YES_ERROR;
				GCC_WARN_UNDECLARED_SELECTOR = YES;
				GCC_WARN_UNINITIALIZED_AUTOS = YES_AGGRESSIVE;
				GCC_WARN_UNUSED_FUNCTION = YES;
				GCC_WARN_UNUSED_VARIABLE = YES;
				IPHONEOS_DEPLOYMENT_TARGET = 16.4;
				MTL_ENABLE_DEBUG_INFO = INCLUDE_SOURCE;
				MTL_FAST_MATH = YES;
				ONLY_ACTIVE_ARCH = YES;
				SDKROOT = iphoneos;
				SWIFT_ACTIVE_COMPILATION_CONDITIONS = DEBUG;
				SWIFT_OPTIMIZATION_LEVEL = "-Onone";
			};
			name = Debug;
		};
		55478E992A2C9FD800D07C69 /* Release */ = {
			isa = XCBuildConfiguration;
			buildSettings = {
				ALWAYS_SEARCH_USER_PATHS = NO;
				CLANG_ANALYZER_NONNULL = YES;
				CLANG_ANALYZER_NUMBER_OBJECT_CONVERSION = YES_AGGRESSIVE;
				CLANG_CXX_LANGUAGE_STANDARD = "gnu++20";
				CLANG_ENABLE_MODULES = YES;
				CLANG_ENABLE_OBJC_ARC = YES;
				CLANG_ENABLE_OBJC_WEAK = YES;
				CLANG_WARN_BLOCK_CAPTURE_AUTORELEASING = YES;
				CLANG_WARN_BOOL_CONVERSION = YES;
				CLANG_WARN_COMMA = YES;
				CLANG_WARN_CONSTANT_CONVERSION = YES;
				CLANG_WARN_DEPRECATED_OBJC_IMPLEMENTATIONS = YES;
				CLANG_WARN_DIRECT_OBJC_ISA_USAGE = YES_ERROR;
				CLANG_WARN_DOCUMENTATION_COMMENTS = YES;
				CLANG_WARN_EMPTY_BODY = YES;
				CLANG_WARN_ENUM_CONVERSION = YES;
				CLANG_WARN_INFINITE_RECURSION = YES;
				CLANG_WARN_INT_CONVERSION = YES;
				CLANG_WARN_NON_LITERAL_NULL_CONVERSION = YES;
				CLANG_WARN_OBJC_IMPLICIT_RETAIN_SELF = YES;
				CLANG_WARN_OBJC_LITERAL_CONVERSION = YES;
				CLANG_WARN_OBJC_ROOT_CLASS = YES_ERROR;
				CLANG_WARN_QUOTED_INCLUDE_IN_FRAMEWORK_HEADER = YES;
				CLANG_WARN_RANGE_LOOP_ANALYSIS = YES;
				CLANG_WARN_STRICT_PROTOTYPES = YES;
				CLANG_WARN_SUSPICIOUS_MOVE = YES;
				CLANG_WARN_UNGUARDED_AVAILABILITY = YES_AGGRESSIVE;
				CLANG_WARN_UNREACHABLE_CODE = YES;
				CLANG_WARN__DUPLICATE_METHOD_MATCH = YES;
				COPY_PHASE_STRIP = NO;
				DEBUG_INFORMATION_FORMAT = "dwarf-with-dsym";
				ENABLE_NS_ASSERTIONS = NO;
				ENABLE_STRICT_OBJC_MSGSEND = YES;
				GCC_C_LANGUAGE_STANDARD = gnu11;
				GCC_NO_COMMON_BLOCKS = YES;
				GCC_WARN_64_TO_32_BIT_CONVERSION = YES;
				GCC_WARN_ABOUT_RETURN_TYPE = YES_ERROR;
				GCC_WARN_UNDECLARED_SELECTOR = YES;
				GCC_WARN_UNINITIALIZED_AUTOS = YES_AGGRESSIVE;
				GCC_WARN_UNUSED_FUNCTION = YES;
				GCC_WARN_UNUSED_VARIABLE = YES;
				IPHONEOS_DEPLOYMENT_TARGET = 16.4;
				MTL_ENABLE_DEBUG_INFO = NO;
				MTL_FAST_MATH = YES;
				SDKROOT = iphoneos;
				SWIFT_COMPILATION_MODE = wholemodule;
				SWIFT_OPTIMIZATION_LEVEL = "-O";
				VALIDATE_PRODUCT = YES;
			};
			name = Release;
		};
		55478E9B2A2C9FD800D07C69 /* Debug */ = {
			isa = XCBuildConfiguration;
			buildSettings = {
				ALWAYS_EMBED_SWIFT_STANDARD_LIBRARIES = YES;
				ASSETCATALOG_COMPILER_APPICON_NAME = AppIcon;
				ASSETCATALOG_COMPILER_GLOBAL_ACCENT_COLOR_NAME = AccentColor;
				CODE_SIGN_STYLE = Automatic;
				CURRENT_PROJECT_VERSION = 1;
				DEVELOPMENT_TEAM = KPW97R7K5W;
				GENERATE_INFOPLIST_FILE = YES;
				INFOPLIST_FILE = Navigation/Info.plist;
				INFOPLIST_KEY_UIApplicationSupportsIndirectInputEvents = YES;
				INFOPLIST_KEY_UILaunchStoryboardName = LaunchScreen;
				INFOPLIST_KEY_UISupportedInterfaceOrientations_iPad = "UIInterfaceOrientationPortrait UIInterfaceOrientationPortraitUpsideDown UIInterfaceOrientationLandscapeLeft UIInterfaceOrientationLandscapeRight";
				INFOPLIST_KEY_UISupportedInterfaceOrientations_iPhone = "UIInterfaceOrientationPortrait UIInterfaceOrientationLandscapeLeft UIInterfaceOrientationLandscapeRight";
				LD_RUNPATH_SEARCH_PATHS = (
					"$(inherited)",
					"@executable_path/Frameworks",
				);
				MARKETING_VERSION = 1.0;
				PRODUCT_BUNDLE_IDENTIFIER = com.Navigation99999999999999;
				PRODUCT_NAME = "$(TARGET_NAME)";
				SWIFT_EMIT_LOC_STRINGS = YES;
				SWIFT_VERSION = 5.0;
				TARGETED_DEVICE_FAMILY = "1,2";
			};
			name = Debug;
		};
		55478E9C2A2C9FD800D07C69 /* Release */ = {
			isa = XCBuildConfiguration;
			buildSettings = {
				ALWAYS_EMBED_SWIFT_STANDARD_LIBRARIES = YES;
				ASSETCATALOG_COMPILER_APPICON_NAME = AppIcon;
				ASSETCATALOG_COMPILER_GLOBAL_ACCENT_COLOR_NAME = AccentColor;
				CODE_SIGN_STYLE = Automatic;
				CURRENT_PROJECT_VERSION = 1;
				DEVELOPMENT_TEAM = KPW97R7K5W;
				GENERATE_INFOPLIST_FILE = YES;
				INFOPLIST_FILE = Navigation/Info.plist;
				INFOPLIST_KEY_UIApplicationSupportsIndirectInputEvents = YES;
				INFOPLIST_KEY_UILaunchStoryboardName = LaunchScreen;
				INFOPLIST_KEY_UISupportedInterfaceOrientations_iPad = "UIInterfaceOrientationPortrait UIInterfaceOrientationPortraitUpsideDown UIInterfaceOrientationLandscapeLeft UIInterfaceOrientationLandscapeRight";
				INFOPLIST_KEY_UISupportedInterfaceOrientations_iPhone = "UIInterfaceOrientationPortrait UIInterfaceOrientationLandscapeLeft UIInterfaceOrientationLandscapeRight";
				LD_RUNPATH_SEARCH_PATHS = (
					"$(inherited)",
					"@executable_path/Frameworks",
				);
				MARKETING_VERSION = 1.0;
				PRODUCT_BUNDLE_IDENTIFIER = com.Navigation99999999999999;
				PRODUCT_NAME = "$(TARGET_NAME)";
				SWIFT_EMIT_LOC_STRINGS = YES;
				SWIFT_VERSION = 5.0;
				TARGETED_DEVICE_FAMILY = "1,2";
			};
			name = Release;
		};
/* End XCBuildConfiguration section */

/* Begin XCConfigurationList section */
		5509ABC12A6E8802003D3E94 /* Build configuration list for PBXNativeTarget "StorageService" */ = {
			isa = XCConfigurationList;
			buildConfigurations = (
				5509ABC22A6E8802003D3E94 /* Debug */,
				5509ABC32A6E8802003D3E94 /* Release */,
			);
			defaultConfigurationIsVisible = 0;
			defaultConfigurationName = Release;
		};
		5509ABC52A6E8802003D3E94 /* Build configuration list for PBXNativeTarget "StorageServiceTests" */ = {
			isa = XCConfigurationList;
			buildConfigurations = (
				5509ABC62A6E8802003D3E94 /* Debug */,
				5509ABC72A6E8802003D3E94 /* Release */,
			);
			defaultConfigurationIsVisible = 0;
			defaultConfigurationName = Release;
		};
		55478E812A2C9FD700D07C69 /* Build configuration list for PBXProject "Navigation" */ = {
			isa = XCConfigurationList;
			buildConfigurations = (
				55478E982A2C9FD800D07C69 /* Debug */,
				55478E992A2C9FD800D07C69 /* Release */,
			);
			defaultConfigurationIsVisible = 0;
			defaultConfigurationName = Release;
		};
		55478E9A2A2C9FD800D07C69 /* Build configuration list for PBXNativeTarget "Navigation" */ = {
			isa = XCConfigurationList;
			buildConfigurations = (
				55478E9B2A2C9FD800D07C69 /* Debug */,
				55478E9C2A2C9FD800D07C69 /* Release */,
			);
			defaultConfigurationIsVisible = 0;
			defaultConfigurationName = Release;
		};
/* End XCConfigurationList section */
	};
	rootObject = 55478E7E2A2C9FD700D07C69 /* Project object */;
}
